// !$*UTF8*$!
{
	archiveVersion = 1;
	classes = {
	};
	objectVersion = 48;
	objects = {

/* Begin PBXBuildFile section */
		290301D91FE086B400471408 /* AddingDestinationVC.swift in Sources */ = {isa = PBXBuildFile; fileRef = 290301D81FE086B400471408 /* AddingDestinationVC.swift */; };
		2903DB6D200AD341005638F3 /* StartRouteButton.swift in Sources */ = {isa = PBXBuildFile; fileRef = 2903DB6C200AD341005638F3 /* StartRouteButton.swift */; };
		290470C71FDD82D500CC8C06 /* AddressCell.swift in Sources */ = {isa = PBXBuildFile; fileRef = 290470C61FDD82D500CC8C06 /* AddressCell.swift */; };
		2911C1AB1FE4DC2B0089B5A6 /* DeliveryAddress.swift in Sources */ = {isa = PBXBuildFile; fileRef = 2911C1AA1FE4DC2B0089B5A6 /* DeliveryAddress.swift */; };
		29640D082001D3C900F5B94F /* MaterialView.swift in Sources */ = {isa = PBXBuildFile; fileRef = 29640D072001D3C900F5B94F /* MaterialView.swift */; };
		297081DA1FCB271900CCCBA1 /* AppDelegate.swift in Sources */ = {isa = PBXBuildFile; fileRef = 297081D91FCB271900CCCBA1 /* AppDelegate.swift */; };
		297081DC1FCB271900CCCBA1 /* MainVC.swift in Sources */ = {isa = PBXBuildFile; fileRef = 297081DB1FCB271900CCCBA1 /* MainVC.swift */; };
		297081DF1FCB271900CCCBA1 /* Main.storyboard in Resources */ = {isa = PBXBuildFile; fileRef = 297081DD1FCB271900CCCBA1 /* Main.storyboard */; };
		297081E11FCB271900CCCBA1 /* Assets.xcassets in Resources */ = {isa = PBXBuildFile; fileRef = 297081E01FCB271900CCCBA1 /* Assets.xcassets */; };
		297081E41FCB271900CCCBA1 /* LaunchScreen.storyboard in Resources */ = {isa = PBXBuildFile; fileRef = 297081E21FCB271900CCCBA1 /* LaunchScreen.storyboard */; };
		298E791F1FE57E9F00D9BC9B /* GradientView.swift in Sources */ = {isa = PBXBuildFile; fileRef = 298E791E1FE57E9F00D9BC9B /* GradientView.swift */; };
		298E79291FE5EB0700D9BC9B /* UIViewExt.swift in Sources */ = {isa = PBXBuildFile; fileRef = 298E79281FE5EB0700D9BC9B /* UIViewExt.swift */; };
		298E792B1FE600E600D9BC9B /* AddressAnnotation.swift in Sources */ = {isa = PBXBuildFile; fileRef = 298E792A1FE600E600D9BC9B /* AddressAnnotation.swift */; };
		298E792D1FE67D8500D9BC9B /* AnnotationView.swift in Sources */ = {isa = PBXBuildFile; fileRef = 298E792C1FE67D8500D9BC9B /* AnnotationView.swift */; };
		299592742038902A008F2BC4 /* Helper.swift in Sources */ = {isa = PBXBuildFile; fileRef = 299592732038902A008F2BC4 /* Helper.swift */; };
		299663B51FF7D88400CCD15A /* UIViewControllerExt.swift in Sources */ = {isa = PBXBuildFile; fileRef = 299663B41FF7D88400CCD15A /* UIViewControllerExt.swift */; };
		299663B81FF7E23300CCD15A /* Alertable.swift in Sources */ = {isa = PBXBuildFile; fileRef = 299663B71FF7E23300CCD15A /* Alertable.swift */; };
		29A3EEEF1FE6A0BB0075CC35 /* CustomCalloutView.swift in Sources */ = {isa = PBXBuildFile; fileRef = 29A3EEEE1FE6A0BB0075CC35 /* CustomCalloutView.swift */; };
		29A3EEF01FE6AAF30075CC35 /* CustomCalloutView.xib in Resources */ = {isa = PBXBuildFile; fileRef = 29A3EEED1FE6A0330075CC35 /* CustomCalloutView.xib */; };
		29A3EEF21FE7118D0075CC35 /* DeliveryLocationsVC.swift in Sources */ = {isa = PBXBuildFile; fileRef = 29A3EEF11FE7118D0075CC35 /* DeliveryLocationsVC.swift */; };
		29E158E42013F9F700467C49 /* CustomAnnotationView.swift in Sources */ = {isa = PBXBuildFile; fileRef = 29E158E32013F9F700467C49 /* CustomAnnotationView.swift */; };
		29EFBB602000C6F10043941F /* iDeliver.xcdatamodeld in Sources */ = {isa = PBXBuildFile; fileRef = 29EFBB5E2000C6F10043941F /* iDeliver.xcdatamodeld */; };
		3E7D042F50B630D0666A2566 /* Pods_iDeliver.framework in Frameworks */ = {isa = PBXBuildFile; fileRef = 0C598FEB4E8C7D4892C45015 /* Pods_iDeliver.framework */; };
/* End PBXBuildFile section */

/* Begin PBXFileReference section */
		0C598FEB4E8C7D4892C45015 /* Pods_iDeliver.framework */ = {isa = PBXFileReference; explicitFileType = wrapper.framework; includeInIndex = 0; path = Pods_iDeliver.framework; sourceTree = BUILT_PRODUCTS_DIR; };
		290301D81FE086B400471408 /* AddingDestinationVC.swift */ = {isa = PBXFileReference; lastKnownFileType = sourcecode.swift; path = AddingDestinationVC.swift; sourceTree = "<group>"; };
		2903DB6C200AD341005638F3 /* StartRouteButton.swift */ = {isa = PBXFileReference; lastKnownFileType = sourcecode.swift; path = StartRouteButton.swift; sourceTree = "<group>"; };
		290470C61FDD82D500CC8C06 /* AddressCell.swift */ = {isa = PBXFileReference; lastKnownFileType = sourcecode.swift; path = AddressCell.swift; sourceTree = "<group>"; };
		2911C1AA1FE4DC2B0089B5A6 /* DeliveryAddress.swift */ = {isa = PBXFileReference; lastKnownFileType = sourcecode.swift; path = DeliveryAddress.swift; sourceTree = "<group>"; };
		29640D072001D3C900F5B94F /* MaterialView.swift */ = {isa = PBXFileReference; lastKnownFileType = sourcecode.swift; path = MaterialView.swift; sourceTree = "<group>"; };
		297081D61FCB271900CCCBA1 /* iDeliver.app */ = {isa = PBXFileReference; explicitFileType = wrapper.application; includeInIndex = 0; path = iDeliver.app; sourceTree = BUILT_PRODUCTS_DIR; };
		297081D91FCB271900CCCBA1 /* AppDelegate.swift */ = {isa = PBXFileReference; lastKnownFileType = sourcecode.swift; path = AppDelegate.swift; sourceTree = "<group>"; };
		297081DB1FCB271900CCCBA1 /* MainVC.swift */ = {isa = PBXFileReference; lastKnownFileType = sourcecode.swift; path = MainVC.swift; sourceTree = "<group>"; };
		297081DE1FCB271900CCCBA1 /* Base */ = {isa = PBXFileReference; lastKnownFileType = file.storyboard; name = Base; path = Base.lproj/Main.storyboard; sourceTree = "<group>"; };
		297081E01FCB271900CCCBA1 /* Assets.xcassets */ = {isa = PBXFileReference; lastKnownFileType = folder.assetcatalog; path = Assets.xcassets; sourceTree = "<group>"; };
		297081E31FCB271900CCCBA1 /* Base */ = {isa = PBXFileReference; lastKnownFileType = file.storyboard; name = Base; path = Base.lproj/LaunchScreen.storyboard; sourceTree = "<group>"; };
		297081E51FCB271900CCCBA1 /* Info.plist */ = {isa = PBXFileReference; lastKnownFileType = text.plist.xml; path = Info.plist; sourceTree = "<group>"; };
		298E791E1FE57E9F00D9BC9B /* GradientView.swift */ = {isa = PBXFileReference; lastKnownFileType = sourcecode.swift; path = GradientView.swift; sourceTree = "<group>"; };
		298E79281FE5EB0700D9BC9B /* UIViewExt.swift */ = {isa = PBXFileReference; lastKnownFileType = sourcecode.swift; path = UIViewExt.swift; sourceTree = "<group>"; };
		298E792A1FE600E600D9BC9B /* AddressAnnotation.swift */ = {isa = PBXFileReference; lastKnownFileType = sourcecode.swift; path = AddressAnnotation.swift; sourceTree = "<group>"; };
		298E792C1FE67D8500D9BC9B /* AnnotationView.swift */ = {isa = PBXFileReference; lastKnownFileType = sourcecode.swift; path = AnnotationView.swift; sourceTree = "<group>"; };
		299592732038902A008F2BC4 /* Helper.swift */ = {isa = PBXFileReference; lastKnownFileType = sourcecode.swift; path = Helper.swift; sourceTree = "<group>"; };
		299663B41FF7D88400CCD15A /* UIViewControllerExt.swift */ = {isa = PBXFileReference; lastKnownFileType = sourcecode.swift; path = UIViewControllerExt.swift; sourceTree = "<group>"; };
		299663B71FF7E23300CCD15A /* Alertable.swift */ = {isa = PBXFileReference; lastKnownFileType = sourcecode.swift; path = Alertable.swift; sourceTree = "<group>"; };
		29A3EEED1FE6A0330075CC35 /* CustomCalloutView.xib */ = {isa = PBXFileReference; lastKnownFileType = file.xib; path = CustomCalloutView.xib; sourceTree = "<group>"; };
		29A3EEEE1FE6A0BB0075CC35 /* CustomCalloutView.swift */ = {isa = PBXFileReference; lastKnownFileType = sourcecode.swift; path = CustomCalloutView.swift; sourceTree = "<group>"; };
		29A3EEF11FE7118D0075CC35 /* DeliveryLocationsVC.swift */ = {isa = PBXFileReference; lastKnownFileType = sourcecode.swift; path = DeliveryLocationsVC.swift; sourceTree = "<group>"; };
		29E158E32013F9F700467C49 /* CustomAnnotationView.swift */ = {isa = PBXFileReference; lastKnownFileType = sourcecode.swift; path = CustomAnnotationView.swift; sourceTree = "<group>"; };
		29EFBB5F2000C6F10043941F /* iDeliver.xcdatamodel */ = {isa = PBXFileReference; lastKnownFileType = wrapper.xcdatamodel; path = iDeliver.xcdatamodel; sourceTree = "<group>"; };
		B8D825DDD40E5883F2705F97 /* Pods-iDeliver.release.xcconfig */ = {isa = PBXFileReference; includeInIndex = 1; lastKnownFileType = text.xcconfig; name = "Pods-iDeliver.release.xcconfig"; path = "Pods/Target Support Files/Pods-iDeliver/Pods-iDeliver.release.xcconfig"; sourceTree = "<group>"; };
		C552DEEF3132B93CF2CFE162 /* Pods-iDeliver.debug.xcconfig */ = {isa = PBXFileReference; includeInIndex = 1; lastKnownFileType = text.xcconfig; name = "Pods-iDeliver.debug.xcconfig"; path = "Pods/Target Support Files/Pods-iDeliver/Pods-iDeliver.debug.xcconfig"; sourceTree = "<group>"; };
/* End PBXFileReference section */

/* Begin PBXFrameworksBuildPhase section */
		297081D31FCB271900CCCBA1 /* Frameworks */ = {
			isa = PBXFrameworksBuildPhase;
			buildActionMask = 2147483647;
			files = (
				3E7D042F50B630D0666A2566 /* Pods_iDeliver.framework in Frameworks */,
			);
			runOnlyForDeploymentPostprocessing = 0;
		};
/* End PBXFrameworksBuildPhase section */

/* Begin PBXGroup section */
		2006D7E380F30AD247F018DE /* Frameworks */ = {
			isa = PBXGroup;
			children = (
				0C598FEB4E8C7D4892C45015 /* Pods_iDeliver.framework */,
			);
			name = Frameworks;
			sourceTree = "<group>";
		};
		290470C41FDD7EAA00CC8C06 /* View */ = {
			isa = PBXGroup;
			children = (
				290470C61FDD82D500CC8C06 /* AddressCell.swift */,
				298E791E1FE57E9F00D9BC9B /* GradientView.swift */,
				298E792C1FE67D8500D9BC9B /* AnnotationView.swift */,
				29640D072001D3C900F5B94F /* MaterialView.swift */,
				2903DB6C200AD341005638F3 /* StartRouteButton.swift */,
				29E158E32013F9F700467C49 /* CustomAnnotationView.swift */,
			);
			path = View;
			sourceTree = "<group>";
		};
		290470C51FDD7EB200CC8C06 /* Model */ = {
			isa = PBXGroup;
			children = (
				2911C1AA1FE4DC2B0089B5A6 /* DeliveryAddress.swift */,
				298E792A1FE600E600D9BC9B /* AddressAnnotation.swift */,
			);
			path = Model;
			sourceTree = "<group>";
		};
		297081CD1FCB271900CCCBA1 = {
			isa = PBXGroup;
			children = (
				297081D81FCB271900CCCBA1 /* iDeliver */,
				297081D71FCB271900CCCBA1 /* Products */,
				FAF3FB5DAA01C691171CA403 /* Pods */,
				2006D7E380F30AD247F018DE /* Frameworks */,
			);
			sourceTree = "<group>";
		};
		297081D71FCB271900CCCBA1 /* Products */ = {
			isa = PBXGroup;
			children = (
				297081D61FCB271900CCCBA1 /* iDeliver.app */,
			);
			name = Products;
			sourceTree = "<group>";
		};
		297081D81FCB271900CCCBA1 /* iDeliver */ = {
			isa = PBXGroup;
			children = (
				2995927020388EC9008F2BC4 /* Helper */,
				299663B61FF7E1A800CCD15A /* Protocols */,
				29A3EEEC1FE69FE40075CC35 /* Custom Callout */,
				298E79271FE5EAC800D9BC9B /* Extensions */,
				290470C51FDD7EB200CC8C06 /* Model */,
				290470C41FDD7EAA00CC8C06 /* View */,
				297081EB1FCB4B4F00CCCBA1 /* Controller */,
				297081D91FCB271900CCCBA1 /* AppDelegate.swift */,
				297081DD1FCB271900CCCBA1 /* Main.storyboard */,
				297081E01FCB271900CCCBA1 /* Assets.xcassets */,
				297081E21FCB271900CCCBA1 /* LaunchScreen.storyboard */,
				297081E51FCB271900CCCBA1 /* Info.plist */,
				29EFBB5E2000C6F10043941F /* iDeliver.xcdatamodeld */,
			);
			path = iDeliver;
			sourceTree = "<group>";
		};
		297081EB1FCB4B4F00CCCBA1 /* Controller */ = {
			isa = PBXGroup;
			children = (
				297081DB1FCB271900CCCBA1 /* MainVC.swift */,
				290301D81FE086B400471408 /* AddingDestinationVC.swift */,
				29A3EEF11FE7118D0075CC35 /* DeliveryLocationsVC.swift */,
			);
			path = Controller;
			sourceTree = "<group>";
		};
		298E79271FE5EAC800D9BC9B /* Extensions */ = {
			isa = PBXGroup;
			children = (
				298E79281FE5EB0700D9BC9B /* UIViewExt.swift */,
				299663B41FF7D88400CCD15A /* UIViewControllerExt.swift */,
			);
			path = Extensions;
			sourceTree = "<group>";
		};
		2995927020388EC9008F2BC4 /* Helper */ = {
			isa = PBXGroup;
			children = (
				299592732038902A008F2BC4 /* Helper.swift */,
			);
			path = Helper;
			sourceTree = "<group>";
		};
		299663B61FF7E1A800CCD15A /* Protocols */ = {
			isa = PBXGroup;
			children = (
				299663B71FF7E23300CCD15A /* Alertable.swift */,
			);
			path = Protocols;
			sourceTree = "<group>";
		};
		29A3EEEC1FE69FE40075CC35 /* Custom Callout */ = {
			isa = PBXGroup;
			children = (
				29A3EEED1FE6A0330075CC35 /* CustomCalloutView.xib */,
				29A3EEEE1FE6A0BB0075CC35 /* CustomCalloutView.swift */,
			);
			path = "Custom Callout";
			sourceTree = "<group>";
		};
		FAF3FB5DAA01C691171CA403 /* Pods */ = {
			isa = PBXGroup;
			children = (
				C552DEEF3132B93CF2CFE162 /* Pods-iDeliver.debug.xcconfig */,
				B8D825DDD40E5883F2705F97 /* Pods-iDeliver.release.xcconfig */,
			);
			name = Pods;
			sourceTree = "<group>";
		};
/* End PBXGroup section */

/* Begin PBXNativeTarget section */
		297081D51FCB271900CCCBA1 /* iDeliver */ = {
			isa = PBXNativeTarget;
			buildConfigurationList = 297081E81FCB271900CCCBA1 /* Build configuration list for PBXNativeTarget "iDeliver" */;
			buildPhases = (
				7912278CC26841FC8346AD99 /* [CP] Check Pods Manifest.lock */,
				297081D21FCB271900CCCBA1 /* Sources */,
				297081D31FCB271900CCCBA1 /* Frameworks */,
				297081D41FCB271900CCCBA1 /* Resources */,
				EE1AD1FCC89A655899B64934 /* [CP] Embed Pods Frameworks */,
				76D1F2FC2EA48452099F4DC1 /* [CP] Copy Pods Resources */,
			);
			buildRules = (
			);
			dependencies = (
			);
			name = iDeliver;
			productName = iDeliver;
			productReference = 297081D61FCB271900CCCBA1 /* iDeliver.app */;
			productType = "com.apple.product-type.application";
		};
/* End PBXNativeTarget section */

/* Begin PBXProject section */
		297081CE1FCB271900CCCBA1 /* Project object */ = {
			isa = PBXProject;
			attributes = {
				LastSwiftUpdateCheck = 0900;
				LastUpgradeCheck = 0900;
				ORGANIZATIONNAME = "Marius Dragan";
				TargetAttributes = {
					297081D51FCB271900CCCBA1 = {
						CreatedOnToolsVersion = 9.0;
						ProvisioningStyle = Automatic;
					};
				};
			};
			buildConfigurationList = 297081D11FCB271900CCCBA1 /* Build configuration list for PBXProject "iDeliver" */;
			compatibilityVersion = "Xcode 8.0";
			developmentRegion = en;
			hasScannedForEncodings = 0;
			knownRegions = (
				en,
				Base,
			);
			mainGroup = 297081CD1FCB271900CCCBA1;
			productRefGroup = 297081D71FCB271900CCCBA1 /* Products */;
			projectDirPath = "";
			projectRoot = "";
			targets = (
				297081D51FCB271900CCCBA1 /* iDeliver */,
			);
		};
/* End PBXProject section */

/* Begin PBXResourcesBuildPhase section */
		297081D41FCB271900CCCBA1 /* Resources */ = {
			isa = PBXResourcesBuildPhase;
			buildActionMask = 2147483647;
			files = (
				29A3EEF01FE6AAF30075CC35 /* CustomCalloutView.xib in Resources */,
				297081E41FCB271900CCCBA1 /* LaunchScreen.storyboard in Resources */,
				297081E11FCB271900CCCBA1 /* Assets.xcassets in Resources */,
				297081DF1FCB271900CCCBA1 /* Main.storyboard in Resources */,
			);
			runOnlyForDeploymentPostprocessing = 0;
		};
/* End PBXResourcesBuildPhase section */

/* Begin PBXShellScriptBuildPhase section */
		76D1F2FC2EA48452099F4DC1 /* [CP] Copy Pods Resources */ = {
			isa = PBXShellScriptBuildPhase;
			buildActionMask = 2147483647;
			files = (
			);
			inputPaths = (
			);
			name = "[CP] Copy Pods Resources";
			outputPaths = (
			);
			runOnlyForDeploymentPostprocessing = 0;
			shellPath = /bin/sh;
			shellScript = "\"${SRCROOT}/Pods/Target Support Files/Pods-iDeliver/Pods-iDeliver-resources.sh\"\n";
			showEnvVarsInLog = 0;
		};
		7912278CC26841FC8346AD99 /* [CP] Check Pods Manifest.lock */ = {
			isa = PBXShellScriptBuildPhase;
			buildActionMask = 2147483647;
			files = (
			);
			inputPaths = (
				"${PODS_PODFILE_DIR_PATH}/Podfile.lock",
				"${PODS_ROOT}/Manifest.lock",
			);
			name = "[CP] Check Pods Manifest.lock";
			outputPaths = (
				"$(DERIVED_FILE_DIR)/Pods-iDeliver-checkManifestLockResult.txt",
			);
			runOnlyForDeploymentPostprocessing = 0;
			shellPath = /bin/sh;
			shellScript = "diff \"${PODS_PODFILE_DIR_PATH}/Podfile.lock\" \"${PODS_ROOT}/Manifest.lock\" > /dev/null\nif [ $? != 0 ] ; then\n    # print error to STDERR\n    echo \"error: The sandbox is not in sync with the Podfile.lock. Run 'pod install' or update your CocoaPods installation.\" >&2\n    exit 1\nfi\n# This output is used by Xcode 'outputs' to avoid re-running this script phase.\necho \"SUCCESS\" > \"${SCRIPT_OUTPUT_FILE_0}\"\n";
			showEnvVarsInLog = 0;
		};
		EE1AD1FCC89A655899B64934 /* [CP] Embed Pods Frameworks */ = {
			isa = PBXShellScriptBuildPhase;
			buildActionMask = 2147483647;
			files = (
			);
			inputPaths = (
				"${SRCROOT}/Pods/Target Support Files/Pods-iDeliver/Pods-iDeliver-frameworks.sh",
				"${BUILT_PRODUCTS_DIR}/RevealingSplashView/RevealingSplashView.framework",
			);
			name = "[CP] Embed Pods Frameworks";
			outputPaths = (
				"${TARGET_BUILD_DIR}/${FRAMEWORKS_FOLDER_PATH}/RevealingSplashView.framework",
			);
			runOnlyForDeploymentPostprocessing = 0;
			shellPath = /bin/sh;
			shellScript = "\"${SRCROOT}/Pods/Target Support Files/Pods-iDeliver/Pods-iDeliver-frameworks.sh\"\n";
			showEnvVarsInLog = 0;
		};
/* End PBXShellScriptBuildPhase section */

/* Begin PBXSourcesBuildPhase section */
		297081D21FCB271900CCCBA1 /* Sources */ = {
			isa = PBXSourcesBuildPhase;
			buildActionMask = 2147483647;
			files = (
				298E79291FE5EB0700D9BC9B /* UIViewExt.swift in Sources */,
				298E792D1FE67D8500D9BC9B /* AnnotationView.swift in Sources */,
				299663B51FF7D88400CCD15A /* UIViewControllerExt.swift in Sources */,
				2911C1AB1FE4DC2B0089B5A6 /* DeliveryAddress.swift in Sources */,
				297081DC1FCB271900CCCBA1 /* MainVC.swift in Sources */,
				299592742038902A008F2BC4 /* Helper.swift in Sources */,
				299663B81FF7E23300CCD15A /* Alertable.swift in Sources */,
				29A3EEEF1FE6A0BB0075CC35 /* CustomCalloutView.swift in Sources */,
				29E158E42013F9F700467C49 /* CustomAnnotationView.swift in Sources */,
				29640D082001D3C900F5B94F /* MaterialView.swift in Sources */,
				298E792B1FE600E600D9BC9B /* AddressAnnotation.swift in Sources */,
				298E791F1FE57E9F00D9BC9B /* GradientView.swift in Sources */,
				2903DB6D200AD341005638F3 /* StartRouteButton.swift in Sources */,
				290470C71FDD82D500CC8C06 /* AddressCell.swift in Sources */,
				29A3EEF21FE7118D0075CC35 /* DeliveryLocationsVC.swift in Sources */,
				297081DA1FCB271900CCCBA1 /* AppDelegate.swift in Sources */,
				290301D91FE086B400471408 /* AddingDestinationVC.swift in Sources */,
				29EFBB602000C6F10043941F /* iDeliver.xcdatamodeld in Sources */,
			);
			runOnlyForDeploymentPostprocessing = 0;
		};
/* End PBXSourcesBuildPhase section */

/* Begin PBXVariantGroup section */
		297081DD1FCB271900CCCBA1 /* Main.storyboard */ = {
			isa = PBXVariantGroup;
			children = (
				297081DE1FCB271900CCCBA1 /* Base */,
			);
			name = Main.storyboard;
			sourceTree = "<group>";
		};
		297081E21FCB271900CCCBA1 /* LaunchScreen.storyboard */ = {
			isa = PBXVariantGroup;
			children = (
				297081E31FCB271900CCCBA1 /* Base */,
			);
			name = LaunchScreen.storyboard;
			sourceTree = "<group>";
		};
/* End PBXVariantGroup section */

/* Begin XCBuildConfiguration section */
		297081E61FCB271900CCCBA1 /* Debug */ = {
			isa = XCBuildConfiguration;
			buildSettings = {
				ALWAYS_SEARCH_USER_PATHS = NO;
				CLANG_ANALYZER_NONNULL = YES;
				CLANG_ANALYZER_NUMBER_OBJECT_CONVERSION = YES_AGGRESSIVE;
				CLANG_CXX_LANGUAGE_STANDARD = "gnu++14";
				CLANG_CXX_LIBRARY = "libc++";
				CLANG_ENABLE_MODULES = YES;
				CLANG_ENABLE_OBJC_ARC = YES;
				CLANG_WARN_BLOCK_CAPTURE_AUTORELEASING = YES;
				CLANG_WARN_BOOL_CONVERSION = YES;
				CLANG_WARN_COMMA = YES;
				CLANG_WARN_CONSTANT_CONVERSION = YES;
				CLANG_WARN_DIRECT_OBJC_ISA_USAGE = YES_ERROR;
				CLANG_WARN_DOCUMENTATION_COMMENTS = YES;
				CLANG_WARN_EMPTY_BODY = YES;
				CLANG_WARN_ENUM_CONVERSION = YES;
				CLANG_WARN_INFINITE_RECURSION = YES;
				CLANG_WARN_INT_CONVERSION = YES;
				CLANG_WARN_NON_LITERAL_NULL_CONVERSION = YES;
				CLANG_WARN_OBJC_LITERAL_CONVERSION = YES;
				CLANG_WARN_OBJC_ROOT_CLASS = YES_ERROR;
				CLANG_WARN_RANGE_LOOP_ANALYSIS = YES;
				CLANG_WARN_STRICT_PROTOTYPES = YES;
				CLANG_WARN_SUSPICIOUS_MOVE = YES;
				CLANG_WARN_UNGUARDED_AVAILABILITY = YES_AGGRESSIVE;
				CLANG_WARN_UNREACHABLE_CODE = YES;
				CLANG_WARN__DUPLICATE_METHOD_MATCH = YES;
				CODE_SIGN_IDENTITY = "iPhone Developer";
				COPY_PHASE_STRIP = NO;
				DEBUG_INFORMATION_FORMAT = dwarf;
				ENABLE_STRICT_OBJC_MSGSEND = YES;
				ENABLE_TESTABILITY = YES;
				GCC_C_LANGUAGE_STANDARD = gnu11;
				GCC_DYNAMIC_NO_PIC = NO;
				GCC_NO_COMMON_BLOCKS = YES;
				GCC_OPTIMIZATION_LEVEL = 0;
				GCC_PREPROCESSOR_DEFINITIONS = (
					"DEBUG=1",
					"$(inherited)",
				);
				GCC_WARN_64_TO_32_BIT_CONVERSION = YES;
				GCC_WARN_ABOUT_RETURN_TYPE = YES_ERROR;
				GCC_WARN_UNDECLARED_SELECTOR = YES;
				GCC_WARN_UNINITIALIZED_AUTOS = YES_AGGRESSIVE;
				GCC_WARN_UNUSED_FUNCTION = YES;
				GCC_WARN_UNUSED_VARIABLE = YES;
				IPHONEOS_DEPLOYMENT_TARGET = 11.0;
				MTL_ENABLE_DEBUG_INFO = YES;
				ONLY_ACTIVE_ARCH = YES;
				SDKROOT = iphoneos;
				SWIFT_ACTIVE_COMPILATION_CONDITIONS = DEBUG;
				SWIFT_OPTIMIZATION_LEVEL = "-Onone";
			};
			name = Debug;
		};
		297081E71FCB271900CCCBA1 /* Release */ = {
			isa = XCBuildConfiguration;
			buildSettings = {
				ALWAYS_SEARCH_USER_PATHS = NO;
				CLANG_ANALYZER_NONNULL = YES;
				CLANG_ANALYZER_NUMBER_OBJECT_CONVERSION = YES_AGGRESSIVE;
				CLANG_CXX_LANGUAGE_STANDARD = "gnu++14";
				CLANG_CXX_LIBRARY = "libc++";
				CLANG_ENABLE_MODULES = YES;
				CLANG_ENABLE_OBJC_ARC = YES;
				CLANG_WARN_BLOCK_CAPTURE_AUTORELEASING = YES;
				CLANG_WARN_BOOL_CONVERSION = YES;
				CLANG_WARN_COMMA = YES;
				CLANG_WARN_CONSTANT_CONVERSION = YES;
				CLANG_WARN_DIRECT_OBJC_ISA_USAGE = YES_ERROR;
				CLANG_WARN_DOCUMENTATION_COMMENTS = YES;
				CLANG_WARN_EMPTY_BODY = YES;
				CLANG_WARN_ENUM_CONVERSION = YES;
				CLANG_WARN_INFINITE_RECURSION = YES;
				CLANG_WARN_INT_CONVERSION = YES;
				CLANG_WARN_NON_LITERAL_NULL_CONVERSION = YES;
				CLANG_WARN_OBJC_LITERAL_CONVERSION = YES;
				CLANG_WARN_OBJC_ROOT_CLASS = YES_ERROR;
				CLANG_WARN_RANGE_LOOP_ANALYSIS = YES;
				CLANG_WARN_STRICT_PROTOTYPES = YES;
				CLANG_WARN_SUSPICIOUS_MOVE = YES;
				CLANG_WARN_UNGUARDED_AVAILABILITY = YES_AGGRESSIVE;
				CLANG_WARN_UNREACHABLE_CODE = YES;
				CLANG_WARN__DUPLICATE_METHOD_MATCH = YES;
				CODE_SIGN_IDENTITY = "iPhone Developer";
				COPY_PHASE_STRIP = NO;
				DEBUG_INFORMATION_FORMAT = "dwarf-with-dsym";
				ENABLE_NS_ASSERTIONS = NO;
				ENABLE_STRICT_OBJC_MSGSEND = YES;
				GCC_C_LANGUAGE_STANDARD = gnu11;
				GCC_NO_COMMON_BLOCKS = YES;
				GCC_WARN_64_TO_32_BIT_CONVERSION = YES;
				GCC_WARN_ABOUT_RETURN_TYPE = YES_ERROR;
				GCC_WARN_UNDECLARED_SELECTOR = YES;
				GCC_WARN_UNINITIALIZED_AUTOS = YES_AGGRESSIVE;
				GCC_WARN_UNUSED_FUNCTION = YES;
				GCC_WARN_UNUSED_VARIABLE = YES;
				IPHONEOS_DEPLOYMENT_TARGET = 11.0;
				MTL_ENABLE_DEBUG_INFO = NO;
				SDKROOT = iphoneos;
				SWIFT_OPTIMIZATION_LEVEL = "-Owholemodule";
				VALIDATE_PRODUCT = YES;
			};
			name = Release;
		};
		297081E91FCB271900CCCBA1 /* Debug */ = {
			isa = XCBuildConfiguration;
			baseConfigurationReference = C552DEEF3132B93CF2CFE162 /* Pods-iDeliver.debug.xcconfig */;
			buildSettings = {
				ASSETCATALOG_COMPILER_APPICON_NAME = AppIcon;
				CODE_SIGN_STYLE = Automatic;
				DEVELOPMENT_TEAM = 68DHP7555D;
				INFOPLIST_FILE = iDeliver/Info.plist;
				LD_RUNPATH_SEARCH_PATHS = "$(inherited) @executable_path/Frameworks";
				PRODUCT_BUNDLE_IDENTIFIER = com.mariusdragan.iDeliver;
				PRODUCT_NAME = "$(TARGET_NAME)";
				SWIFT_VERSION = 4.0;
				SYSTEM_FRAMEWORK_SEARCH_PATHS = "$(PROJECT_DIR)";
				TARGETED_DEVICE_FAMILY = "1,2";
			};
			name = Debug;
		};
		297081EA1FCB271900CCCBA1 /* Release */ = {
			isa = XCBuildConfiguration;
			baseConfigurationReference = B8D825DDD40E5883F2705F97 /* Pods-iDeliver.release.xcconfig */;
			buildSettings = {
				ASSETCATALOG_COMPILER_APPICON_NAME = AppIcon;
				CODE_SIGN_STYLE = Automatic;
				DEVELOPMENT_TEAM = 68DHP7555D;
				INFOPLIST_FILE = iDeliver/Info.plist;
				LD_RUNPATH_SEARCH_PATHS = "$(inherited) @executable_path/Frameworks";
				PRODUCT_BUNDLE_IDENTIFIER = com.mariusdragan.iDeliver;
				PRODUCT_NAME = "$(TARGET_NAME)";
				SWIFT_VERSION = 4.0;
				SYSTEM_FRAMEWORK_SEARCH_PATHS = "$(PROJECT_DIR)";
				TARGETED_DEVICE_FAMILY = "1,2";
			};
			name = Release;
		};
/* End XCBuildConfiguration section */

/* Begin XCConfigurationList section */
		297081D11FCB271900CCCBA1 /* Build configuration list for PBXProject "iDeliver" */ = {
			isa = XCConfigurationList;
			buildConfigurations = (
				297081E61FCB271900CCCBA1 /* Debug */,
				297081E71FCB271900CCCBA1 /* Release */,
			);
			defaultConfigurationIsVisible = 0;
			defaultConfigurationName = Release;
		};
		297081E81FCB271900CCCBA1 /* Build configuration list for PBXNativeTarget "iDeliver" */ = {
			isa = XCConfigurationList;
			buildConfigurations = (
				297081E91FCB271900CCCBA1 /* Debug */,
				297081EA1FCB271900CCCBA1 /* Release */,
			);
			defaultConfigurationIsVisible = 0;
			defaultConfigurationName = Release;
		};
/* End XCConfigurationList section */

/* Begin XCVersionGroup section */
		29EFBB5E2000C6F10043941F /* iDeliver.xcdatamodeld */ = {
			isa = XCVersionGroup;
			children = (
				29EFBB5F2000C6F10043941F /* iDeliver.xcdatamodel */,
			);
			currentVersion = 29EFBB5F2000C6F10043941F /* iDeliver.xcdatamodel */;
			path = iDeliver.xcdatamodeld;
			sourceTree = "<group>";
			versionGroupType = wrapper.xcdatamodel;
		};
/* End XCVersionGroup section */
	};
	rootObject = 297081CE1FCB271900CCCBA1 /* Project object */;
}
